
Microsoft Visual Studio Solution File, Format Version 12.00
# Visual Studio Version 16
VisualStudioVersion = 16.0.29215.179
MinimumVisualStudioVersion = 10.0.40219.1
Project("{FAE04EC0-301F-11D3-BF4B-00C04F79EFBC}") = "BinaryTree", "BinaryTree\BinaryTree.csproj", "{2F1B7202-1010-4896-BB17-C97EC8B96813}"
EndProject
Project("{FAE04EC0-301F-11D3-BF4B-00C04F79EFBC}") = "TravellingSalesman", "TravellingSalesman\TravellingSalesman.csproj", "{0B5D41D2-3BC5-4335-929C-F912824170DB}"
EndProject
Global
	GlobalSection(SolutionConfigurationPlatforms) = preSolution
		Debug|Any CPU = Debug|Any CPU
		Release|Any CPU = Release|Any CPU
	EndGlobalSection
	GlobalSection(ProjectConfigurationPlatforms) = postSolution
		{2F1B7202-1010-4896-BB17-C97EC8B96813}.Debug|Any CPU.ActiveCfg = Debug|Any CPU
		{2F1B7202-1010-4896-BB17-C97EC8B96813}.Debug|Any CPU.Build.0 = Debug|Any CPU
		{2F1B7202-1010-4896-BB17-C97EC8B96813}.Release|Any CPU.ActiveCfg = Release|Any CPU
		{2F1B7202-1010-4896-BB17-C97EC8B96813}.Release|Any CPU.Build.0 = Release|Any CPU
		{0B5D41D2-3BC5-4335-929C-F912824170DB}.Debug|Any CPU.ActiveCfg = Debug|Any CPU
		{0B5D41D2-3BC5-4335-929C-F912824170DB}.Debug|Any CPU.Build.0 = Debug|Any CPU
		{0B5D41D2-3BC5-4335-929C-F912824170DB}.Release|Any CPU.ActiveCfg = Release|Any CPU
		{0B5D41D2-3BC5-4335-929C-F912824170DB}.Release|Any CPU.Build.0 = Release|Any CPU
	EndGlobalSection
	GlobalSection(SolutionProperties) = preSolution
		HideSolutionNode = FALSE
	EndGlobalSection
	GlobalSection(ExtensibilityGlobals) = postSolution
		SolutionGuid = {52A521F2-DDBD-41EA-A121-448BF10BECB0}
	EndGlobalSection
EndGlobal
